
Microsoft Visual Studio Solution File, Format Version 12.00
# Visual Studio Version 17
VisualStudioVersion = 17.11.35327.3
MinimumVisualStudioVersion = 10.0.40219.1
Project("{FAE04EC0-301F-11D3-BF4B-00C04F79EFBC}") = "LifeMap.Data", "LifeMap.Data\LifeMap.Data.csproj", "{0BC8830E-A3BF-4B28-80FE-37B8BDF1DC86}"
EndProject
Global
	GlobalSection(SolutionConfigurationPlatforms) = preSolution
		Debug|Any CPU = Debug|Any CPU
		Release|Any CPU = Release|Any CPU
	EndGlobalSection
	GlobalSection(ProjectConfigurationPlatforms) = postSolution
		{0BC8830E-A3BF-4B28-80FE-37B8BDF1DC86}.Debug|Any CPU.ActiveCfg = Debug|Any CPU
		{0BC8830E-A3BF-4B28-80FE-37B8BDF1DC86}.Debug|Any CPU.Build.0 = Debug|Any CPU
		{0BC8830E-A3BF-4B28-80FE-37B8BDF1DC86}.Release|Any CPU.ActiveCfg = Release|Any CPU
		{0BC8830E-A3BF-4B28-80FE-37B8BDF1DC86}.Release|Any CPU.Build.0 = Release|Any CPU
	EndGlobalSection
	GlobalSection(SolutionProperties) = preSolution
		HideSolutionNode = FALSE
	EndGlobalSection
	GlobalSection(ExtensibilityGlobals) = postSolution
		SolutionGuid = {EFE02BFB-4FDD-4F5C-81EA-7B4B89A92A85}
	EndGlobalSection
EndGlobal
